// !$*UTF8*$!
{
	archiveVersion = 1;
	classes = {
	};
	objectVersion = 56;
	objects = {

/* Begin PBXBuildFile section */
		33B52AA92BD8066E002CC244 /* Social_Media_AppApp.swift in Sources */ = {isa = PBXBuildFile; fileRef = 33B52AA82BD8066E002CC244 /* Social_Media_AppApp.swift */; };
		33B52AAB2BD8066E002CC244 /* ContentView.swift in Sources */ = {isa = PBXBuildFile; fileRef = 33B52AAA2BD8066E002CC244 /* ContentView.swift */; };
		33B52AAD2BD80670002CC244 /* Assets.xcassets in Resources */ = {isa = PBXBuildFile; fileRef = 33B52AAC2BD80670002CC244 /* Assets.xcassets */; };
		33B52AB02BD80670002CC244 /* Preview Assets.xcassets in Resources */ = {isa = PBXBuildFile; fileRef = 33B52AAF2BD80670002CC244 /* Preview Assets.xcassets */; };
		33B52ABA2BD80671002CC244 /* Social_Media_AppTests.swift in Sources */ = {isa = PBXBuildFile; fileRef = 33B52AB92BD80671002CC244 /* Social_Media_AppTests.swift */; };
		33B52AC42BD80671002CC244 /* Social_Media_AppUITests.swift in Sources */ = {isa = PBXBuildFile; fileRef = 33B52AC32BD80671002CC244 /* Social_Media_AppUITests.swift */; };
		33B52AC62BD80671002CC244 /* Social_Media_AppUITestsLaunchTests.swift in Sources */ = {isa = PBXBuildFile; fileRef = 33B52AC52BD80671002CC244 /* Social_Media_AppUITestsLaunchTests.swift */; };
		33B52AD32BD82390002CC244 /* accountPage.swift in Sources */ = {isa = PBXBuildFile; fileRef = 33B52AD22BD82390002CC244 /* accountPage.swift */; };
		33B52AD52BD823AB002CC244 /* signUpPage.swift in Sources */ = {isa = PBXBuildFile; fileRef = 33B52AD42BD823AB002CC244 /* signUpPage.swift */; };
		33B52AD72BD823BF002CC244 /* signInPage.swift in Sources */ = {isa = PBXBuildFile; fileRef = 33B52AD62BD823BF002CC244 /* signInPage.swift */; };
		33B52AD92BD823DF002CC244 /* settingsPage.swift in Sources */ = {isa = PBXBuildFile; fileRef = 33B52AD82BD823DF002CC244 /* settingsPage.swift */; };
		33EFE7AE2BDAC09D0000B899 /* postView.swift in Sources */ = {isa = PBXBuildFile; fileRef = 33EFE7AD2BDAC09D0000B899 /* postView.swift */; };
		33EFE7B02BDAC9190000B899 /* newPostView.swift in Sources */ = {isa = PBXBuildFile; fileRef = 33EFE7AF2BDAC9190000B899 /* newPostView.swift */; };
/* End PBXBuildFile section */

/* Begin PBXContainerItemProxy section */
		33B52AB62BD80671002CC244 /* PBXContainerItemProxy */ = {
			isa = PBXContainerItemProxy;
			containerPortal = 33B52A9D2BD8066E002CC244 /* Project object */;
			proxyType = 1;
			remoteGlobalIDString = 33B52AA42BD8066E002CC244;
			remoteInfo = "Social Media App";
		};
		33B52AC02BD80671002CC244 /* PBXContainerItemProxy */ = {
			isa = PBXContainerItemProxy;
			containerPortal = 33B52A9D2BD8066E002CC244 /* Project object */;
			proxyType = 1;
			remoteGlobalIDString = 33B52AA42BD8066E002CC244;
			remoteInfo = "Social Media App";
		};
/* End PBXContainerItemProxy section */

/* Begin PBXFileReference section */
		33B52AA52BD8066E002CC244 /* Social Media App.app */ = {isa = PBXFileReference; explicitFileType = wrapper.application; includeInIndex = 0; path = "Social Media App.app"; sourceTree = BUILT_PRODUCTS_DIR; };
		33B52AA82BD8066E002CC244 /* Social_Media_AppApp.swift */ = {isa = PBXFileReference; lastKnownFileType = sourcecode.swift; path = Social_Media_AppApp.swift; sourceTree = "<group>"; };
		33B52AAA2BD8066E002CC244 /* ContentView.swift */ = {isa = PBXFileReference; lastKnownFileType = sourcecode.swift; path = ContentView.swift; sourceTree = "<group>"; };
		33B52AAC2BD80670002CC244 /* Assets.xcassets */ = {isa = PBXFileReference; lastKnownFileType = folder.assetcatalog; path = Assets.xcassets; sourceTree = "<group>"; };
		33B52AAF2BD80670002CC244 /* Preview Assets.xcassets */ = {isa = PBXFileReference; lastKnownFileType = folder.assetcatalog; path = "Preview Assets.xcassets"; sourceTree = "<group>"; };
		33B52AB52BD80671002CC244 /* Social Media AppTests.xctest */ = {isa = PBXFileReference; explicitFileType = wrapper.cfbundle; includeInIndex = 0; path = "Social Media AppTests.xctest"; sourceTree = BUILT_PRODUCTS_DIR; };
		33B52AB92BD80671002CC244 /* Social_Media_AppTests.swift */ = {isa = PBXFileReference; lastKnownFileType = sourcecode.swift; path = Social_Media_AppTests.swift; sourceTree = "<group>"; };
		33B52ABF2BD80671002CC244 /* Social Media AppUITests.xctest */ = {isa = PBXFileReference; explicitFileType = wrapper.cfbundle; includeInIndex = 0; path = "Social Media AppUITests.xctest"; sourceTree = BUILT_PRODUCTS_DIR; };
		33B52AC32BD80671002CC244 /* Social_Media_AppUITests.swift */ = {isa = PBXFileReference; lastKnownFileType = sourcecode.swift; path = Social_Media_AppUITests.swift; sourceTree = "<group>"; };
		33B52AC52BD80671002CC244 /* Social_Media_AppUITestsLaunchTests.swift */ = {isa = PBXFileReference; lastKnownFileType = sourcecode.swift; path = Social_Media_AppUITestsLaunchTests.swift; sourceTree = "<group>"; };
		33B52AD22BD82390002CC244 /* accountPage.swift */ = {isa = PBXFileReference; lastKnownFileType = sourcecode.swift; path = accountPage.swift; sourceTree = "<group>"; };
		33B52AD42BD823AB002CC244 /* signUpPage.swift */ = {isa = PBXFileReference; lastKnownFileType = sourcecode.swift; path = signUpPage.swift; sourceTree = "<group>"; };
		33B52AD62BD823BF002CC244 /* signInPage.swift */ = {isa = PBXFileReference; lastKnownFileType = sourcecode.swift; path = signInPage.swift; sourceTree = "<group>"; };
		33B52AD82BD823DF002CC244 /* settingsPage.swift */ = {isa = PBXFileReference; lastKnownFileType = sourcecode.swift; path = settingsPage.swift; sourceTree = "<group>"; };
		33EFE7AD2BDAC09D0000B899 /* postView.swift */ = {isa = PBXFileReference; lastKnownFileType = sourcecode.swift; path = postView.swift; sourceTree = "<group>"; };
		33EFE7AF2BDAC9190000B899 /* newPostView.swift */ = {isa = PBXFileReference; lastKnownFileType = sourcecode.swift; path = newPostView.swift; sourceTree = "<group>"; };
/* End PBXFileReference section */

/* Begin PBXFrameworksBuildPhase section */
		33B52AA22BD8066E002CC244 /* Frameworks */ = {
			isa = PBXFrameworksBuildPhase;
			buildActionMask = 2147483647;
			files = (
			);
			runOnlyForDeploymentPostprocessing = 0;
		};
		33B52AB22BD80671002CC244 /* Frameworks */ = {
			isa = PBXFrameworksBuildPhase;
			buildActionMask = 2147483647;
			files = (
			);
			runOnlyForDeploymentPostprocessing = 0;
		};
		33B52ABC2BD80671002CC244 /* Frameworks */ = {
			isa = PBXFrameworksBuildPhase;
			buildActionMask = 2147483647;
			files = (
			);
			runOnlyForDeploymentPostprocessing = 0;
		};
/* End PBXFrameworksBuildPhase section */

/* Begin PBXGroup section */
		33B52A9C2BD8066E002CC244 = {
			isa = PBXGroup;
			children = (
				33B52AA72BD8066E002CC244 /* Social Media App */,
				33B52AB82BD80671002CC244 /* Social Media AppTests */,
				33B52AC22BD80671002CC244 /* Social Media AppUITests */,
				33B52AA62BD8066E002CC244 /* Products */,
			);
			sourceTree = "<group>";
		};
		33B52AA62BD8066E002CC244 /* Products */ = {
			isa = PBXGroup;
			children = (
				33B52AA52BD8066E002CC244 /* Social Media App.app */,
				33B52AB52BD80671002CC244 /* Social Media AppTests.xctest */,
				33B52ABF2BD80671002CC244 /* Social Media AppUITests.xctest */,
			);
			name = Products;
			sourceTree = "<group>";
		};
		33B52AA72BD8066E002CC244 /* Social Media App */ = {
			isa = PBXGroup;
			children = (
				33B52AA82BD8066E002CC244 /* Social_Media_AppApp.swift */,
				33B52AAA2BD8066E002CC244 /* ContentView.swift */,
				33EFE7AF2BDAC9190000B899 /* newPostView.swift */,
				33EFE7AD2BDAC09D0000B899 /* postView.swift */,
				33B52AD22BD82390002CC244 /* accountPage.swift */,
				33B52AD42BD823AB002CC244 /* signUpPage.swift */,
				33B52AD62BD823BF002CC244 /* signInPage.swift */,
				33B52AD82BD823DF002CC244 /* settingsPage.swift */,
				33B52AAC2BD80670002CC244 /* Assets.xcassets */,
				33B52AAE2BD80670002CC244 /* Preview Content */,
			);
			path = "Social Media App";
			sourceTree = "<group>";
		};
		33B52AAE2BD80670002CC244 /* Preview Content */ = {
			isa = PBXGroup;
			children = (
				33B52AAF2BD80670002CC244 /* Preview Assets.xcassets */,
			);
			path = "Preview Content";
			sourceTree = "<group>";
		};
		33B52AB82BD80671002CC244 /* Social Media AppTests */ = {
			isa = PBXGroup;
			children = (
				33B52AB92BD80671002CC244 /* Social_Media_AppTests.swift */,
			);
			path = "Social Media AppTests";
			sourceTree = "<group>";
		};
		33B52AC22BD80671002CC244 /* Social Media AppUITests */ = {
			isa = PBXGroup;
			children = (
				33B52AC32BD80671002CC244 /* Social_Media_AppUITests.swift */,
				33B52AC52BD80671002CC244 /* Social_Media_AppUITestsLaunchTests.swift */,
			);
			path = "Social Media AppUITests";
			sourceTree = "<group>";
		};
/* End PBXGroup section */

/* Begin PBXNativeTarget section */
		33B52AA42BD8066E002CC244 /* Social Media App */ = {
			isa = PBXNativeTarget;
			buildConfigurationList = 33B52AC92BD80671002CC244 /* Build configuration list for PBXNativeTarget "Social Media App" */;
			buildPhases = (
				33B52AA12BD8066E002CC244 /* Sources */,
				33B52AA22BD8066E002CC244 /* Frameworks */,
				33B52AA32BD8066E002CC244 /* Resources */,
			);
			buildRules = (
			);
			dependencies = (
			);
			name = "Social Media App";
			productName = "Social Media App";
			productReference = 33B52AA52BD8066E002CC244 /* Social Media App.app */;
			productType = "com.apple.product-type.application";
		};
		33B52AB42BD80671002CC244 /* Social Media AppTests */ = {
			isa = PBXNativeTarget;
			buildConfigurationList = 33B52ACC2BD80671002CC244 /* Build configuration list for PBXNativeTarget "Social Media AppTests" */;
			buildPhases = (
				33B52AB12BD80671002CC244 /* Sources */,
				33B52AB22BD80671002CC244 /* Frameworks */,
				33B52AB32BD80671002CC244 /* Resources */,
			);
			buildRules = (
			);
			dependencies = (
				33B52AB72BD80671002CC244 /* PBXTargetDependency */,
			);
			name = "Social Media AppTests";
			productName = "Social Media AppTests";
			productReference = 33B52AB52BD80671002CC244 /* Social Media AppTests.xctest */;
			productType = "com.apple.product-type.bundle.unit-test";
		};
		33B52ABE2BD80671002CC244 /* Social Media AppUITests */ = {
			isa = PBXNativeTarget;
			buildConfigurationList = 33B52ACF2BD80671002CC244 /* Build configuration list for PBXNativeTarget "Social Media AppUITests" */;
			buildPhases = (
				33B52ABB2BD80671002CC244 /* Sources */,
				33B52ABC2BD80671002CC244 /* Frameworks */,
				33B52ABD2BD80671002CC244 /* Resources */,
			);
			buildRules = (
			);
			dependencies = (
				33B52AC12BD80671002CC244 /* PBXTargetDependency */,
			);
			name = "Social Media AppUITests";
			productName = "Social Media AppUITests";
			productReference = 33B52ABF2BD80671002CC244 /* Social Media AppUITests.xctest */;
			productType = "com.apple.product-type.bundle.ui-testing";
		};
/* End PBXNativeTarget section */

/* Begin PBXProject section */
		33B52A9D2BD8066E002CC244 /* Project object */ = {
			isa = PBXProject;
			attributes = {
				BuildIndependentTargetsInParallel = 1;
				LastSwiftUpdateCheck = 1510;
				LastUpgradeCheck = 1510;
				TargetAttributes = {
					33B52AA42BD8066E002CC244 = {
						CreatedOnToolsVersion = 15.1;
					};
					33B52AB42BD80671002CC244 = {
						CreatedOnToolsVersion = 15.1;
						TestTargetID = 33B52AA42BD8066E002CC244;
					};
					33B52ABE2BD80671002CC244 = {
						CreatedOnToolsVersion = 15.1;
						TestTargetID = 33B52AA42BD8066E002CC244;
					};
				};
			};
			buildConfigurationList = 33B52AA02BD8066E002CC244 /* Build configuration list for PBXProject "Social Media App" */;
			compatibilityVersion = "Xcode 14.0";
			developmentRegion = en;
			hasScannedForEncodings = 0;
			knownRegions = (
				en,
				Base,
			);
			mainGroup = 33B52A9C2BD8066E002CC244;
			productRefGroup = 33B52AA62BD8066E002CC244 /* Products */;
			projectDirPath = "";
			projectRoot = "";
			targets = (
				33B52AA42BD8066E002CC244 /* Social Media App */,
				33B52AB42BD80671002CC244 /* Social Media AppTests */,
				33B52ABE2BD80671002CC244 /* Social Media AppUITests */,
			);
		};
/* End PBXProject section */

/* Begin PBXResourcesBuildPhase section */
		33B52AA32BD8066E002CC244 /* Resources */ = {
			isa = PBXResourcesBuildPhase;
			buildActionMask = 2147483647;
			files = (
				33B52AB02BD80670002CC244 /* Preview Assets.xcassets in Resources */,
				33B52AAD2BD80670002CC244 /* Assets.xcassets in Resources */,
			);
			runOnlyForDeploymentPostprocessing = 0;
		};
		33B52AB32BD80671002CC244 /* Resources */ = {
			isa = PBXResourcesBuildPhase;
			buildActionMask = 2147483647;
			files = (
			);
			runOnlyForDeploymentPostprocessing = 0;
		};
		33B52ABD2BD80671002CC244 /* Resources */ = {
			isa = PBXResourcesBuildPhase;
			buildActionMask = 2147483647;
			files = (
			);
			runOnlyForDeploymentPostprocessing = 0;
		};
/* End PBXResourcesBuildPhase section */

/* Begin PBXSourcesBuildPhase section */
		33B52AA12BD8066E002CC244 /* Sources */ = {
			isa = PBXSourcesBuildPhase;
			buildActionMask = 2147483647;
			files = (
				33B52AD32BD82390002CC244 /* accountPage.swift in Sources */,
				33EFE7AE2BDAC09D0000B899 /* postView.swift in Sources */,
				33B52AAB2BD8066E002CC244 /* ContentView.swift in Sources */,
				33B52AD52BD823AB002CC244 /* signUpPage.swift in Sources */,
				33B52AD92BD823DF002CC244 /* settingsPage.swift in Sources */,
				33B52AA92BD8066E002CC244 /* Social_Media_AppApp.swift in Sources */,
				33B52AD72BD823BF002CC244 /* signInPage.swift in Sources */,
				33EFE7B02BDAC9190000B899 /* newPostView.swift in Sources */,
			);
			runOnlyForDeploymentPostprocessing = 0;
		};
		33B52AB12BD80671002CC244 /* Sources */ = {
			isa = PBXSourcesBuildPhase;
			buildActionMask = 2147483647;
			files = (
				33B52ABA2BD80671002CC244 /* Social_Media_AppTests.swift in Sources */,
			);
			runOnlyForDeploymentPostprocessing = 0;
		};
		33B52ABB2BD80671002CC244 /* Sources */ = {
			isa = PBXSourcesBuildPhase;
			buildActionMask = 2147483647;
			files = (
				33B52AC62BD80671002CC244 /* Social_Media_AppUITestsLaunchTests.swift in Sources */,
				33B52AC42BD80671002CC244 /* Social_Media_AppUITests.swift in Sources */,
			);
			runOnlyForDeploymentPostprocessing = 0;
		};
/* End PBXSourcesBuildPhase section */

/* Begin PBXTargetDependency section */
		33B52AB72BD80671002CC244 /* PBXTargetDependency */ = {
			isa = PBXTargetDependency;
			target = 33B52AA42BD8066E002CC244 /* Social Media App */;
			targetProxy = 33B52AB62BD80671002CC244 /* PBXContainerItemProxy */;
		};
		33B52AC12BD80671002CC244 /* PBXTargetDependency */ = {
			isa = PBXTargetDependency;
			target = 33B52AA42BD8066E002CC244 /* Social Media App */;
			targetProxy = 33B52AC02BD80671002CC244 /* PBXContainerItemProxy */;
		};
/* End PBXTargetDependency section */

/* Begin XCBuildConfiguration section */
		33B52AC72BD80671002CC244 /* Debug */ = {
			isa = XCBuildConfiguration;
			buildSettings = {
				ALWAYS_SEARCH_USER_PATHS = NO;
				ASSETCATALOG_COMPILER_GENERATE_SWIFT_ASSET_SYMBOL_EXTENSIONS = YES;
				CLANG_ANALYZER_NONNULL = YES;
				CLANG_ANALYZER_NUMBER_OBJECT_CONVERSION = YES_AGGRESSIVE;
				CLANG_CXX_LANGUAGE_STANDARD = "gnu++20";
				CLANG_ENABLE_MODULES = YES;
				CLANG_ENABLE_OBJC_ARC = YES;
				CLANG_ENABLE_OBJC_WEAK = YES;
				CLANG_WARN_BLOCK_CAPTURE_AUTORELEASING = YES;
				CLANG_WARN_BOOL_CONVERSION = YES;
				CLANG_WARN_COMMA = YES;
				CLANG_WARN_CONSTANT_CONVERSION = YES;
				CLANG_WARN_DEPRECATED_OBJC_IMPLEMENTATIONS = YES;
				CLANG_WARN_DIRECT_OBJC_ISA_USAGE = YES_ERROR;
				CLANG_WARN_DOCUMENTATION_COMMENTS = YES;
				CLANG_WARN_EMPTY_BODY = YES;
				CLANG_WARN_ENUM_CONVERSION = YES;
				CLANG_WARN_INFINITE_RECURSION = YES;
				CLANG_WARN_INT_CONVERSION = YES;
				CLANG_WARN_NON_LITERAL_NULL_CONVERSION = YES;
				CLANG_WARN_OBJC_IMPLICIT_RETAIN_SELF = YES;
				CLANG_WARN_OBJC_LITERAL_CONVERSION = YES;
				CLANG_WARN_OBJC_ROOT_CLASS = YES_ERROR;
				CLANG_WARN_QUOTED_INCLUDE_IN_FRAMEWORK_HEADER = YES;
				CLANG_WARN_RANGE_LOOP_ANALYSIS = YES;
				CLANG_WARN_STRICT_PROTOTYPES = YES;
				CLANG_WARN_SUSPICIOUS_MOVE = YES;
				CLANG_WARN_UNGUARDED_AVAILABILITY = YES_AGGRESSIVE;
				CLANG_WARN_UNREACHABLE_CODE = YES;
				CLANG_WARN__DUPLICATE_METHOD_MATCH = YES;
				COPY_PHASE_STRIP = NO;
				DEBUG_INFORMATION_FORMAT = dwarf;
				ENABLE_STRICT_OBJC_MSGSEND = YES;
				ENABLE_TESTABILITY = YES;
				ENABLE_USER_SCRIPT_SANDBOXING = YES;
				GCC_C_LANGUAGE_STANDARD = gnu17;
				GCC_DYNAMIC_NO_PIC = NO;
				GCC_NO_COMMON_BLOCKS = YES;
				GCC_OPTIMIZATION_LEVEL = 0;
				GCC_PREPROCESSOR_DEFINITIONS = (
					"DEBUG=1",
					"$(inherited)",
				);
				GCC_WARN_64_TO_32_BIT_CONVERSION = YES;
				GCC_WARN_ABOUT_RETURN_TYPE = YES_ERROR;
				GCC_WARN_UNDECLARED_SELECTOR = YES;
				GCC_WARN_UNINITIALIZED_AUTOS = YES_AGGRESSIVE;
				GCC_WARN_UNUSED_FUNCTION = YES;
				GCC_WARN_UNUSED_VARIABLE = YES;
				IPHONEOS_DEPLOYMENT_TARGET = 17.2;
				LOCALIZATION_PREFERS_STRING_CATALOGS = YES;
				MTL_ENABLE_DEBUG_INFO = INCLUDE_SOURCE;
				MTL_FAST_MATH = YES;
				ONLY_ACTIVE_ARCH = YES;
				SDKROOT = iphoneos;
				SWIFT_ACTIVE_COMPILATION_CONDITIONS = "DEBUG $(inherited)";
				SWIFT_OPTIMIZATION_LEVEL = "-Onone";
			};
			name = Debug;
		};
		33B52AC82BD80671002CC244 /* Release */ = {
			isa = XCBuildConfiguration;
			buildSettings = {
				ALWAYS_SEARCH_USER_PATHS = NO;
				ASSETCATALOG_COMPILER_GENERATE_SWIFT_ASSET_SYMBOL_EXTENSIONS = YES;
				CLANG_ANALYZER_NONNULL = YES;
				CLANG_ANALYZER_NUMBER_OBJECT_CONVERSION = YES_AGGRESSIVE;
				CLANG_CXX_LANGUAGE_STANDARD = "gnu++20";
				CLANG_ENABLE_MODULES = YES;
				CLANG_ENABLE_OBJC_ARC = YES;
				CLANG_ENABLE_OBJC_WEAK = YES;
				CLANG_WARN_BLOCK_CAPTURE_AUTORELEASING = YES;
				CLANG_WARN_BOOL_CONVERSION = YES;
				CLANG_WARN_COMMA = YES;
				CLANG_WARN_CONSTANT_CONVERSION = YES;
				CLANG_WARN_DEPRECATED_OBJC_IMPLEMENTATIONS = YES;
				CLANG_WARN_DIRECT_OBJC_ISA_USAGE = YES_ERROR;
				CLANG_WARN_DOCUMENTATION_COMMENTS = YES;
				CLANG_WARN_EMPTY_BODY = YES;
				CLANG_WARN_ENUM_CONVERSION = YES;
				CLANG_WARN_INFINITE_RECURSION = YES;
				CLANG_WARN_INT_CONVERSION = YES;
				CLANG_WARN_NON_LITERAL_NULL_CONVERSION = YES;
				CLANG_WARN_OBJC_IMPLICIT_RETAIN_SELF = YES;
				CLANG_WARN_OBJC_LITERAL_CONVERSION = YES;
				CLANG_WARN_OBJC_ROOT_CLASS = YES_ERROR;
				CLANG_WARN_QUOTED_INCLUDE_IN_FRAMEWORK_HEADER = YES;
				CLANG_WARN_RANGE_LOOP_ANALYSIS = YES;
				CLANG_WARN_STRICT_PROTOTYPES = YES;
				CLANG_WARN_SUSPICIOUS_MOVE = YES;
				CLANG_WARN_UNGUARDED_AVAILABILITY = YES_AGGRESSIVE;
				CLANG_WARN_UNREACHABLE_CODE = YES;
				CLANG_WARN__DUPLICATE_METHOD_MATCH = YES;
				COPY_PHASE_STRIP = NO;
				DEBUG_INFORMATION_FORMAT = "dwarf-with-dsym";
				ENABLE_NS_ASSERTIONS = NO;
				ENABLE_STRICT_OBJC_MSGSEND = YES;
				ENABLE_USER_SCRIPT_SANDBOXING = YES;
				GCC_C_LANGUAGE_STANDARD = gnu17;
				GCC_NO_COMMON_BLOCKS = YES;
				GCC_WARN_64_TO_32_BIT_CONVERSION = YES;
				GCC_WARN_ABOUT_RETURN_TYPE = YES_ERROR;
				GCC_WARN_UNDECLARED_SELECTOR = YES;
				GCC_WARN_UNINITIALIZED_AUTOS = YES_AGGRESSIVE;
				GCC_WARN_UNUSED_FUNCTION = YES;
				GCC_WARN_UNUSED_VARIABLE = YES;
				IPHONEOS_DEPLOYMENT_TARGET = 17.2;
				LOCALIZATION_PREFERS_STRING_CATALOGS = YES;
				MTL_ENABLE_DEBUG_INFO = NO;
				MTL_FAST_MATH = YES;
				SDKROOT = iphoneos;
				SWIFT_COMPILATION_MODE = wholemodule;
				VALIDATE_PRODUCT = YES;
			};
			name = Release;
		};
		33B52ACA2BD80671002CC244 /* Debug */ = {
			isa = XCBuildConfiguration;
			buildSettings = {
				ASSETCATALOG_COMPILER_APPICON_NAME = AppIcon;
				ASSETCATALOG_COMPILER_GLOBAL_ACCENT_COLOR_NAME = AccentColor;
				CODE_SIGN_STYLE = Automatic;
				CURRENT_PROJECT_VERSION = 1;
				DEVELOPMENT_ASSET_PATHS = "\"Social Media App/Preview Content\"";
				ENABLE_PREVIEWS = YES;
				GENERATE_INFOPLIST_FILE = YES;
				INFOPLIST_KEY_UIApplicationSceneManifest_Generation = YES;
				INFOPLIST_KEY_UIApplicationSupportsIndirectInputEvents = YES;
				INFOPLIST_KEY_UILaunchScreen_Generation = YES;
				INFOPLIST_KEY_UISupportedInterfaceOrientations_iPad = "UIInterfaceOrientationPortrait UIInterfaceOrientationPortraitUpsideDown UIInterfaceOrientationLandscapeLeft UIInterfaceOrientationLandscapeRight";
				INFOPLIST_KEY_UISupportedInterfaceOrientations_iPhone = "UIInterfaceOrientationPortrait UIInterfaceOrientationLandscapeLeft UIInterfaceOrientationLandscapeRight";
				LD_RUNPATH_SEARCH_PATHS = (
					"$(inherited)",
					"@executable_path/Frameworks",
				);
				MARKETING_VERSION = 1.0;
				PRODUCT_BUNDLE_IDENTIFIER = "metroed.net.Social-Media-App";
				PRODUCT_NAME = "$(TARGET_NAME)";
				SWIFT_EMIT_LOC_STRINGS = YES;
				SWIFT_VERSION = 5.0;
				TARGETED_DEVICE_FAMILY = "1,2";
			};
			name = Debug;
		};
		33B52ACB2BD80671002CC244 /* Release */ = {
			isa = XCBuildConfiguration;
			buildSettings = {
				ASSETCATALOG_COMPILER_APPICON_NAME = AppIcon;
				ASSETCATALOG_COMPILER_GLOBAL_ACCENT_COLOR_NAME = AccentColor;
				CODE_SIGN_STYLE = Automatic;
				CURRENT_PROJECT_VERSION = 1;
				DEVELOPMENT_ASSET_PATHS = "\"Social Media App/Preview Content\"";
				ENABLE_PREVIEWS = YES;
				GENERATE_INFOPLIST_FILE = YES;
				INFOPLIST_KEY_UIApplicationSceneManifest_Generation = YES;
				INFOPLIST_KEY_UIApplicationSupportsIndirectInputEvents = YES;
				INFOPLIST_KEY_UILaunchScreen_Generation = YES;
				INFOPLIST_KEY_UISupportedInterfaceOrientations_iPad = "UIInterfaceOrientationPortrait UIInterfaceOrientationPortraitUpsideDown UIInterfaceOrientationLandscapeLeft UIInterfaceOrientationLandscapeRight";
				INFOPLIST_KEY_UISupportedInterfaceOrientations_iPhone = "UIInterfaceOrientationPortrait UIInterfaceOrientationLandscapeLeft UIInterfaceOrientationLandscapeRight";
				LD_RUNPATH_SEARCH_PATHS = (
					"$(inherited)",
					"@executable_path/Frameworks",
				);
				MARKETING_VERSION = 1.0;
				PRODUCT_BUNDLE_IDENTIFIER = "metroed.net.Social-Media-App";
				PRODUCT_NAME = "$(TARGET_NAME)";
				SWIFT_EMIT_LOC_STRINGS = YES;
				SWIFT_VERSION = 5.0;
				TARGETED_DEVICE_FAMILY = "1,2";
			};
			name = Release;
		};
		33B52ACD2BD80671002CC244 /* Debug */ = {
			isa = XCBuildConfiguration;
			buildSettings = {
				ALWAYS_EMBED_SWIFT_STANDARD_LIBRARIES = YES;
				BUNDLE_LOADER = "$(TEST_HOST)";
				CODE_SIGN_STYLE = Automatic;
				CURRENT_PROJECT_VERSION = 1;
				GENERATE_INFOPLIST_FILE = YES;
				IPHONEOS_DEPLOYMENT_TARGET = 17.2;
				MARKETING_VERSION = 1.0;
				PRODUCT_BUNDLE_IDENTIFIER = "metroed.net.Social-Media-AppTests";
				PRODUCT_NAME = "$(TARGET_NAME)";
				SWIFT_EMIT_LOC_STRINGS = NO;
				SWIFT_VERSION = 5.0;
				TARGETED_DEVICE_FAMILY = "1,2";
				TEST_HOST = "$(BUILT_PRODUCTS_DIR)/Social Media App.app/$(BUNDLE_EXECUTABLE_FOLDER_PATH)/Social Media App";
			};
			name = Debug;
		};
		33B52ACE2BD80671002CC244 /* Release */ = {
			isa = XCBuildConfiguration;
			buildSettings = {
				ALWAYS_EMBED_SWIFT_STANDARD_LIBRARIES = YES;
				BUNDLE_LOADER = "$(TEST_HOST)";
				CODE_SIGN_STYLE = Automatic;
				CURRENT_PROJECT_VERSION = 1;
				GENERATE_INFOPLIST_FILE = YES;
				IPHONEOS_DEPLOYMENT_TARGET = 17.2;
				MARKETING_VERSION = 1.0;
				PRODUCT_BUNDLE_IDENTIFIER = "metroed.net.Social-Media-AppTests";
				PRODUCT_NAME = "$(TARGET_NAME)";
				SWIFT_EMIT_LOC_STRINGS = NO;
				SWIFT_VERSION = 5.0;
				TARGETED_DEVICE_FAMILY = "1,2";
				TEST_HOST = "$(BUILT_PRODUCTS_DIR)/Social Media App.app/$(BUNDLE_EXECUTABLE_FOLDER_PATH)/Social Media App";
			};
			name = Release;
		};
		33B52AD02BD80671002CC244 /* Debug */ = {
			isa = XCBuildConfiguration;
			buildSettings = {
				ALWAYS_EMBED_SWIFT_STANDARD_LIBRARIES = YES;
				CODE_SIGN_STYLE = Automatic;
				CURRENT_PROJECT_VERSION = 1;
				GENERATE_INFOPLIST_FILE = YES;
				MARKETING_VERSION = 1.0;
				PRODUCT_BUNDLE_IDENTIFIER = "metroed.net.Social-Media-AppUITests";
				PRODUCT_NAME = "$(TARGET_NAME)";
				SWIFT_EMIT_LOC_STRINGS = NO;
				SWIFT_VERSION = 5.0;
				TARGETED_DEVICE_FAMILY = "1,2";
				TEST_TARGET_NAME = "Social Media App";
			};
			name = Debug;
		};
		33B52AD12BD80671002CC244 /* Release */ = {
			isa = XCBuildConfiguration;
			buildSettings = {
				ALWAYS_EMBED_SWIFT_STANDARD_LIBRARIES = YES;
				CODE_SIGN_STYLE = Automatic;
				CURRENT_PROJECT_VERSION = 1;
				GENERATE_INFOPLIST_FILE = YES;
				MARKETING_VERSION = 1.0;
				PRODUCT_BUNDLE_IDENTIFIER = "metroed.net.Social-Media-AppUITests";
				PRODUCT_NAME = "$(TARGET_NAME)";
				SWIFT_EMIT_LOC_STRINGS = NO;
				SWIFT_VERSION = 5.0;
				TARGETED_DEVICE_FAMILY = "1,2";
				TEST_TARGET_NAME = "Social Media App";
			};
			name = Release;
		};
/* End XCBuildConfiguration section */

/* Begin XCConfigurationList section */
		33B52AA02BD8066E002CC244 /* Build configuration list for PBXProject "Social Media App" */ = {
			isa = XCConfigurationList;
			buildConfigurations = (
				33B52AC72BD80671002CC244 /* Debug */,
				33B52AC82BD80671002CC244 /* Release */,
			);
			defaultConfigurationIsVisible = 0;
			defaultConfigurationName = Release;
		};
		33B52AC92BD80671002CC244 /* Build configuration list for PBXNativeTarget "Social Media App" */ = {
			isa = XCConfigurationList;
			buildConfigurations = (
				33B52ACA2BD80671002CC244 /* Debug */,
				33B52ACB2BD80671002CC244 /* Release */,
			);
			defaultConfigurationIsVisible = 0;
			defaultConfigurationName = Release;
		};
		33B52ACC2BD80671002CC244 /* Build configuration list for PBXNativeTarget "Social Media AppTests" */ = {
			isa = XCConfigurationList;
			buildConfigurations = (
				33B52ACD2BD80671002CC244 /* Debug */,
				33B52ACE2BD80671002CC244 /* Release */,
			);
			defaultConfigurationIsVisible = 0;
			defaultConfigurationName = Release;
		};
		33B52ACF2BD80671002CC244 /* Build configuration list for PBXNativeTarget "Social Media AppUITests" */ = {
			isa = XCConfigurationList;
			buildConfigurations = (
				33B52AD02BD80671002CC244 /* Debug */,
				33B52AD12BD80671002CC244 /* Release */,
			);
			defaultConfigurationIsVisible = 0;
			defaultConfigurationName = Release;
		};
/* End XCConfigurationList section */
	};
	rootObject = 33B52A9D2BD8066E002CC244 /* Project object */;
}
